
Microsoft Visual Studio Solution File, Format Version 12.00
# Visual Studio Version 16
VisualStudioVersion = 16.0.30309.148
MinimumVisualStudioVersion = 10.0.40219.1
Project("{FAE04EC0-301F-11D3-BF4B-00C04F79EFBC}") = "VueCRUD", "VueCRUD\VueCRUD.csproj", "{173411CB-9A63-4D2F-B3C9-6F4AEBB25DE9}"
EndProject
Global
	GlobalSection(SolutionConfigurationPlatforms) = preSolution
		Debug|Any CPU = Debug|Any CPU
		Release|Any CPU = Release|Any CPU
	EndGlobalSection
	GlobalSection(ProjectConfigurationPlatforms) = postSolution
		{173411CB-9A63-4D2F-B3C9-6F4AEBB25DE9}.Debug|Any CPU.ActiveCfg = Debug|Any CPU
		{173411CB-9A63-4D2F-B3C9-6F4AEBB25DE9}.Debug|Any CPU.Build.0 = Debug|Any CPU
		{173411CB-9A63-4D2F-B3C9-6F4AEBB25DE9}.Release|Any CPU.ActiveCfg = Release|Any CPU
		{173411CB-9A63-4D2F-B3C9-6F4AEBB25DE9}.Release|Any CPU.Build.0 = Release|Any CPU
	EndGlobalSection
	GlobalSection(SolutionProperties) = preSolution
		HideSolutionNode = FALSE
	EndGlobalSection
	GlobalSection(ExtensibilityGlobals) = postSolution
		SolutionGuid = {60BFB445-4E14-49AA-9BDC-5E9EEB9C2FCB}
	EndGlobalSection
EndGlobal
